
Microsoft Visual Studio Solution File, Format Version 12.00
# Visual Studio Version 16
VisualStudioVersion = 16.0.32510.428
MinimumVisualStudioVersion = 10.0.40219.1
Project("{FAE04EC0-301F-11D3-BF4B-00C04F79EFBC}") = "BookBlogger.Web", "BookBlogger.Web\BookBlogger.Web.csproj", "{3F77D44B-60E5-42D9-ABCB-B74C11E0992B}"
EndProject
Project("{FAE04EC0-301F-11D3-BF4B-00C04F79EFBC}") = "BookBlogger.Data", "BookBlogger.Data\BookBlogger.Data.csproj", "{C6621605-75AC-4B52-9160-D152CD2C67C7}"
EndProject
Project("{FAE04EC0-301F-11D3-BF4B-00C04F79EFBC}") = "BookBlogger.WebTests", "BookBlogger.WebTests\BookBlogger.WebTests.csproj", "{922D6DEF-1820-4E3A-8DDC-C4533F18ED77}"
EndProject
Global
	GlobalSection(SolutionConfigurationPlatforms) = preSolution
		Debug|Any CPU = Debug|Any CPU
		Release|Any CPU = Release|Any CPU
	EndGlobalSection
	GlobalSection(ProjectConfigurationPlatforms) = postSolution
		{3F77D44B-60E5-42D9-ABCB-B74C11E0992B}.Debug|Any CPU.ActiveCfg = Debug|Any CPU
		{3F77D44B-60E5-42D9-ABCB-B74C11E0992B}.Debug|Any CPU.Build.0 = Debug|Any CPU
		{3F77D44B-60E5-42D9-ABCB-B74C11E0992B}.Release|Any CPU.ActiveCfg = Release|Any CPU
		{3F77D44B-60E5-42D9-ABCB-B74C11E0992B}.Release|Any CPU.Build.0 = Release|Any CPU
		{C6621605-75AC-4B52-9160-D152CD2C67C7}.Debug|Any CPU.ActiveCfg = Debug|Any CPU
		{C6621605-75AC-4B52-9160-D152CD2C67C7}.Debug|Any CPU.Build.0 = Debug|Any CPU
		{C6621605-75AC-4B52-9160-D152CD2C67C7}.Release|Any CPU.ActiveCfg = Release|Any CPU
		{C6621605-75AC-4B52-9160-D152CD2C67C7}.Release|Any CPU.Build.0 = Release|Any CPU
		{922D6DEF-1820-4E3A-8DDC-C4533F18ED77}.Debug|Any CPU.ActiveCfg = Debug|Any CPU
		{922D6DEF-1820-4E3A-8DDC-C4533F18ED77}.Debug|Any CPU.Build.0 = Debug|Any CPU
		{922D6DEF-1820-4E3A-8DDC-C4533F18ED77}.Release|Any CPU.ActiveCfg = Release|Any CPU
		{922D6DEF-1820-4E3A-8DDC-C4533F18ED77}.Release|Any CPU.Build.0 = Release|Any CPU
	EndGlobalSection
	GlobalSection(SolutionProperties) = preSolution
		HideSolutionNode = FALSE
	EndGlobalSection
	GlobalSection(ExtensibilityGlobals) = postSolution
		SolutionGuid = {50056E12-B109-4E1E-B7E8-D7AB48B02A33}
	EndGlobalSection
EndGlobal
